
Microsoft Visual Studio Solution File, Format Version 12.00
# Visual Studio Version 16
VisualStudioVersion = 16.0.31005.135
MinimumVisualStudioVersion = 10.0.40219.1
Project("{FAE04EC0-301F-11D3-BF4B-00C04F79EFBC}") = "SistemaBiblioteca", "SistemaBiblioteca\SistemaBiblioteca.csproj", "{14BDF7B6-EFA3-48CA-B94A-69F7E9E2A5DB}"
EndProject
Global
	GlobalSection(SolutionConfigurationPlatforms) = preSolution
		Debug|Any CPU = Debug|Any CPU
		Release|Any CPU = Release|Any CPU
	EndGlobalSection
	GlobalSection(ProjectConfigurationPlatforms) = postSolution
		{14BDF7B6-EFA3-48CA-B94A-69F7E9E2A5DB}.Debug|Any CPU.ActiveCfg = Debug|Any CPU
		{14BDF7B6-EFA3-48CA-B94A-69F7E9E2A5DB}.Debug|Any CPU.Build.0 = Debug|Any CPU
		{14BDF7B6-EFA3-48CA-B94A-69F7E9E2A5DB}.Release|Any CPU.ActiveCfg = Release|Any CPU
		{14BDF7B6-EFA3-48CA-B94A-69F7E9E2A5DB}.Release|Any CPU.Build.0 = Release|Any CPU
	EndGlobalSection
	GlobalSection(SolutionProperties) = preSolution
		HideSolutionNode = FALSE
	EndGlobalSection
	GlobalSection(ExtensibilityGlobals) = postSolution
		SolutionGuid = {27CB398B-7EB2-4CD2-82B5-DF9E06687D1D}
	EndGlobalSection
EndGlobal
